
Microsoft Visual Studio Solution File, Format Version 12.00
# Visual Studio Version 17
VisualStudioVersion = 17.5.2.0
MinimumVisualStudioVersion = 10.0.40219.1
Project("{FAE04EC0-301F-11D3-BF4B-00C04F79EFBC}") = "Expressions", "Expressions\Expressions.csproj", "{A5D4EAE2-FB48-BFE9-3288-58EB56EA21D7}"
EndProject
Project("{FAE04EC0-301F-11D3-BF4B-00C04F79EFBC}") = "Test", "Test\Test.csproj", "{0A1E64AE-D0ED-E6EE-0445-2888C87C6BF3}"
EndProject
Project("{FAE04EC0-301F-11D3-BF4B-00C04F79EFBC}") = "Parser", "Parser\Parser.csproj", "{0558A080-BA9E-4369-AA78-9DCF30901B00}"
EndProject
Project("{FAE04EC0-301F-11D3-BF4B-00C04F79EFBC}") = "Visual", "Visual\Visual.csproj", "{31AF2D86-F465-46E0-9EA7-19F454407CB7}"
EndProject
Global
	GlobalSection(SolutionConfigurationPlatforms) = preSolution
		Debug|Any CPU = Debug|Any CPU
		Release|Any CPU = Release|Any CPU
	EndGlobalSection
	GlobalSection(ProjectConfigurationPlatforms) = postSolution
		{A5D4EAE2-FB48-BFE9-3288-58EB56EA21D7}.Debug|Any CPU.ActiveCfg = Debug|Any CPU
		{A5D4EAE2-FB48-BFE9-3288-58EB56EA21D7}.Debug|Any CPU.Build.0 = Debug|Any CPU
		{A5D4EAE2-FB48-BFE9-3288-58EB56EA21D7}.Release|Any CPU.ActiveCfg = Release|Any CPU
		{A5D4EAE2-FB48-BFE9-3288-58EB56EA21D7}.Release|Any CPU.Build.0 = Release|Any CPU
		{0A1E64AE-D0ED-E6EE-0445-2888C87C6BF3}.Debug|Any CPU.ActiveCfg = Debug|Any CPU
		{0A1E64AE-D0ED-E6EE-0445-2888C87C6BF3}.Debug|Any CPU.Build.0 = Debug|Any CPU
		{0A1E64AE-D0ED-E6EE-0445-2888C87C6BF3}.Release|Any CPU.ActiveCfg = Release|Any CPU
		{0A1E64AE-D0ED-E6EE-0445-2888C87C6BF3}.Release|Any CPU.Build.0 = Release|Any CPU
		{0558A080-BA9E-4369-AA78-9DCF30901B00}.Debug|Any CPU.ActiveCfg = Debug|Any CPU
		{0558A080-BA9E-4369-AA78-9DCF30901B00}.Debug|Any CPU.Build.0 = Debug|Any CPU
		{0558A080-BA9E-4369-AA78-9DCF30901B00}.Release|Any CPU.ActiveCfg = Release|Any CPU
		{0558A080-BA9E-4369-AA78-9DCF30901B00}.Release|Any CPU.Build.0 = Release|Any CPU
		{31AF2D86-F465-46E0-9EA7-19F454407CB7}.Debug|Any CPU.ActiveCfg = Debug|Any CPU
		{31AF2D86-F465-46E0-9EA7-19F454407CB7}.Debug|Any CPU.Build.0 = Debug|Any CPU
		{31AF2D86-F465-46E0-9EA7-19F454407CB7}.Release|Any CPU.ActiveCfg = Release|Any CPU
		{31AF2D86-F465-46E0-9EA7-19F454407CB7}.Release|Any CPU.Build.0 = Release|Any CPU
	EndGlobalSection
	GlobalSection(SolutionProperties) = preSolution
		HideSolutionNode = FALSE
	EndGlobalSection
	GlobalSection(ExtensibilityGlobals) = postSolution
		SolutionGuid = {5D080033-1A84-4778-9A7D-B5511A7BA4CD}
	EndGlobalSection
EndGlobal
